<?xml version="1.0" encoding="utf-8"?>
<Project ToolsVersion="4.0" xmlns="http://schemas.microsoft.com/developer/msbuild/2003">
  <ItemGroup>
    <Filter Include="소스 파일">
      <UniqueIdentifier>{4FC737F1-C7A5-4376-A066-2A32D752A2FF}</UniqueIdentifier>
      <Extensions>cpp;c;cc;cxx;def;odl;idl;hpj;bat;asm;asmx</Extensions>
    </Filter>
    <Filter Include="헤더 파일">
      <UniqueIdentifier>{93995380-89BD-4b04-88EB-625FBE52EBFB}</UniqueIdentifier>
      <Extensions>h;hpp;hxx;hm;inl;inc;xsd</Extensions>
    </Filter>
    <Filter Include="리소스 파일">
      <UniqueIdentifier>{67DA6AB6-F800-4c08-8B7A-83BB121AAD01}</UniqueIdentifier>
      <Extensions>rc;ico;cur;bmp;dlg;rc2;rct;bin;rgs;gif;jpg;jpeg;jpe;resx;tiff;tif;png;wav;mfcribbon-ms</Extensions>
    </Filter>
  </ItemGroup>
  <ItemGroup>
    <ClCompile Include="src\comDateTime.cpp">
      <Filter>소스 파일</Filter>
    </ClCompile>
    <ClCompile Include="src\comEnv.cpp">
      <Filter>소스 파일</Filter>
    </ClCompile>
    <ClCompile Include="src\comFileUtil.cpp">
      <Filter>소스 파일</Filter>
    </ClCompile>
    <ClCompile Include="src\comHash.cpp">
      <Filter>소스 파일</Filter>
    </ClCompile>
    <ClCompile Include="src\comLogger.cpp">
      <Filter>소스 파일</Filter>
    </ClCompile>
    <ClCompile Include="src\comProfileutil.c">
      <Filter>소스 파일</Filter>
    </ClCompile>
    <ClCompile Include="src\comMemManager.cpp">
      <Filter>소스 파일</Filter>
    </ClCompile>
    <ClCompile Include="src\comBufPool.cpp">
      <Filter>소스 파일</Filter>
    </ClCompile>
    <ClCompile Include="src\comDualKeyHash.cpp">
      <Filter>소스 파일</Filter>
    </ClCompile>
    <ClCompile Include="src\comMString.cpp">
      <Filter>소스 파일</Filter>
    </ClCompile>
    <ClCompile Include="src\comQueue.cpp">
      <Filter>소스 파일</Filter>
    </ClCompile>
    <ClCompile Include="src\comCore.cpp">
      <Filter>소스 파일</Filter>
    </ClCompile>
    <ClCompile Include="src\wvSocket.cpp">
      <Filter>소스 파일</Filter>
    </ClCompile>
    <ClCompile Include="src\comList.cpp">
      <Filter>소스 파일</Filter>
    </ClCompile>
    <ClCompile Include="include\com\win32\win32_mtsync.cpp">
      <Filter>소스 파일</Filter>
    </ClCompile>
    <ClCompile Include="src\comQSort.cpp">
      <Filter>소스 파일</Filter>
    </ClCompile>
  </ItemGroup>
  <ItemGroup>
    <ClInclude Include="include\comBMemPool.h">
      <Filter>헤더 파일</Filter>
    </ClInclude>
    <ClInclude Include="include\comcom.h">
      <Filter>헤더 파일</Filter>
    </ClInclude>
    <ClInclude Include="include\comDateTime.h">
      <Filter>헤더 파일</Filter>
    </ClInclude>
    <ClInclude Include="include\comEnv.h">
      <Filter>헤더 파일</Filter>
    </ClInclude>
    <ClInclude Include="include\comFileTypes.h">
      <Filter>헤더 파일</Filter>
    </ClInclude>
    <ClInclude Include="include\comFileUtil.h">
      <Filter>헤더 파일</Filter>
    </ClInclude>
    <ClInclude Include="include\comGlobal.h">
      <Filter>헤더 파일</Filter>
    </ClInclude>
    <ClInclude Include="include\comHash.h">
      <Filter>헤더 파일</Filter>
    </ClInclude>
    <ClInclude Include="include\comList.h">
      <Filter>헤더 파일</Filter>
    </ClInclude>
    <ClInclude Include="include\comLogger.h">
      <Filter>헤더 파일</Filter>
    </ClInclude>
    <ClInclude Include="include\comMemPool.h">
      <Filter>헤더 파일</Filter>
    </ClInclude>
    <ClInclude Include="include\comProfileutil.h">
      <Filter>헤더 파일</Filter>
    </ClInclude>
    <ClInclude Include="include\comTypes.h">
      <Filter>헤더 파일</Filter>
    </ClInclude>
    <ClInclude Include="include\types.h">
      <Filter>헤더 파일</Filter>
    </ClInclude>
    <ClInclude Include="include\wvSocket.h">
      <Filter>헤더 파일</Filter>
    </ClInclude>
    <ClInclude Include="include\comMemManager.h">
      <Filter>헤더 파일</Filter>
    </ClInclude>
    <ClInclude Include="include\comBufPool.h">
      <Filter>헤더 파일</Filter>
    </ClInclude>
    <ClInclude Include="include\comDualKeyHash.h">
      <Filter>헤더 파일</Filter>
    </ClInclude>
    <ClInclude Include="comUtil.h">
      <Filter>헤더 파일</Filter>
    </ClInclude>
    <ClInclude Include="include\comMString.h">
      <Filter>헤더 파일</Filter>
    </ClInclude>
    <ClInclude Include="include\comSVector.h">
      <Filter>헤더 파일</Filter>
    </ClInclude>
    <ClInclude Include="include\comQueue.h">
      <Filter>헤더 파일</Filter>
    </ClInclude>
    <ClInclude Include="include\comQSort.h">
      <Filter>헤더 파일</Filter>
    </ClInclude>
    <ClInclude Include="include\comCore.h">
      <Filter>헤더 파일</Filter>
    </ClInclude>
    <ClInclude Include="include\comTList.h">
      <Filter>헤더 파일</Filter>
    </ClInclude>
    <ClInclude Include="include\com\win32\win32_mtsync.h">
      <Filter>헤더 파일</Filter>
    </ClInclude>
  </ItemGroup>
</Project>